// !$*UTF8*$!
{
	archiveVersion = 1;
	classes = {
	};
	objectVersion = 46;
	objects = {

/* Begin PBXBuildFile section */
		606062041982A118005B28F1 /* Foundation.framework in Frameworks */ = {isa = PBXBuildFile; fileRef = 606062031982A118005B28F1 /* Foundation.framework */; };
		606062061982A118005B28F1 /* CoreGraphics.framework in Frameworks */ = {isa = PBXBuildFile; fileRef = 606062051982A118005B28F1 /* CoreGraphics.framework */; };
		606062081982A118005B28F1 /* UIKit.framework in Frameworks */ = {isa = PBXBuildFile; fileRef = 606062071982A118005B28F1 /* UIKit.framework */; };
		6060620E1982A118005B28F1 /* InfoPlist.strings in Resources */ = {isa = PBXBuildFile; fileRef = 6060620C1982A118005B28F1 /* InfoPlist.strings */; };
		606062101982A118005B28F1 /* main.m in Sources */ = {isa = PBXBuildFile; fileRef = 6060620F1982A118005B28F1 /* main.m */; };
		606062141982A118005B28F1 /* GRAppDelegate.m in Sources */ = {isa = PBXBuildFile; fileRef = 606062131982A118005B28F1 /* GRAppDelegate.m */; };
		606062161982A118005B28F1 /* Images.xcassets in Resources */ = {isa = PBXBuildFile; fileRef = 606062151982A118005B28F1 /* Images.xcassets */; };
		6060621D1982A118005B28F1 /* XCTest.framework in Frameworks */ = {isa = PBXBuildFile; fileRef = 6060621C1982A118005B28F1 /* XCTest.framework */; };
		6060621E1982A118005B28F1 /* Foundation.framework in Frameworks */ = {isa = PBXBuildFile; fileRef = 606062031982A118005B28F1 /* Foundation.framework */; };
		6060621F1982A118005B28F1 /* UIKit.framework in Frameworks */ = {isa = PBXBuildFile; fileRef = 606062071982A118005B28F1 /* UIKit.framework */; };
		606062271982A118005B28F1 /* InfoPlist.strings in Resources */ = {isa = PBXBuildFile; fileRef = 606062251982A118005B28F1 /* InfoPlist.strings */; };
		606062291982A118005B28F1 /* _40_2_KVCTests.m in Sources */ = {isa = PBXBuildFile; fileRef = 606062281982A118005B28F1 /* _40_2_KVCTests.m */; };
		606062341982A12F005B28F1 /* GRStudent.m in Sources */ = {isa = PBXBuildFile; fileRef = 606062331982A12F005B28F1 /* GRStudent.m */; };
/* End PBXBuildFile section */

/* Begin PBXContainerItemProxy section */
		606062201982A118005B28F1 /* PBXContainerItemProxy */ = {
			isa = PBXContainerItemProxy;
			containerPortal = 606061F81982A118005B28F1 /* Project object */;
			proxyType = 1;
			remoteGlobalIDString = 606061FF1982A118005B28F1;
			remoteInfo = _40_2_KVC;
		};
/* End PBXContainerItemProxy section */

/* Begin PBXFileReference section */
		606062001982A118005B28F1 /* _40_2_KVC.app */ = {isa = PBXFileReference; explicitFileType = wrapper.application; includeInIndex = 0; path = _40_2_KVC.app; sourceTree = BUILT_PRODUCTS_DIR; };
		606062031982A118005B28F1 /* Foundation.framework */ = {isa = PBXFileReference; lastKnownFileType = wrapper.framework; name = Foundation.framework; path = System/Library/Frameworks/Foundation.framework; sourceTree = SDKROOT; };
		606062051982A118005B28F1 /* CoreGraphics.framework */ = {isa = PBXFileReference; lastKnownFileType = wrapper.framework; name = CoreGraphics.framework; path = System/Library/Frameworks/CoreGraphics.framework; sourceTree = SDKROOT; };
		606062071982A118005B28F1 /* UIKit.framework */ = {isa = PBXFileReference; lastKnownFileType = wrapper.framework; name = UIKit.framework; path = System/Library/Frameworks/UIKit.framework; sourceTree = SDKROOT; };
		6060620B1982A118005B28F1 /* _40_2_KVC-Info.plist */ = {isa = PBXFileReference; lastKnownFileType = text.plist.xml; path = "_40_2_KVC-Info.plist"; sourceTree = "<group>"; };
		6060620D1982A118005B28F1 /* en */ = {isa = PBXFileReference; lastKnownFileType = text.plist.strings; name = en; path = en.lproj/InfoPlist.strings; sourceTree = "<group>"; };
		6060620F1982A118005B28F1 /* main.m */ = {isa = PBXFileReference; lastKnownFileType = sourcecode.c.objc; path = main.m; sourceTree = "<group>"; };
		606062111982A118005B28F1 /* _40_2_KVC-Prefix.pch */ = {isa = PBXFileReference; lastKnownFileType = sourcecode.c.h; path = "_40_2_KVC-Prefix.pch"; sourceTree = "<group>"; };
		606062121982A118005B28F1 /* GRAppDelegate.h */ = {isa = PBXFileReference; lastKnownFileType = sourcecode.c.h; path = GRAppDelegate.h; sourceTree = "<group>"; };
		606062131982A118005B28F1 /* GRAppDelegate.m */ = {isa = PBXFileReference; lastKnownFileType = sourcecode.c.objc; path = GRAppDelegate.m; sourceTree = "<group>"; };
		606062151982A118005B28F1 /* Images.xcassets */ = {isa = PBXFileReference; lastKnownFileType = folder.assetcatalog; path = Images.xcassets; sourceTree = "<group>"; };
		6060621B1982A118005B28F1 /* _40_2_KVCTests.xctest */ = {isa = PBXFileReference; explicitFileType = wrapper.cfbundle; includeInIndex = 0; path = _40_2_KVCTests.xctest; sourceTree = BUILT_PRODUCTS_DIR; };
		6060621C1982A118005B28F1 /* XCTest.framework */ = {isa = PBXFileReference; lastKnownFileType = wrapper.framework; name = XCTest.framework; path = Library/Frameworks/XCTest.framework; sourceTree = DEVELOPER_DIR; };
		606062241982A118005B28F1 /* _40_2_KVCTests-Info.plist */ = {isa = PBXFileReference; lastKnownFileType = text.plist.xml; path = "_40_2_KVCTests-Info.plist"; sourceTree = "<group>"; };
		606062261982A118005B28F1 /* en */ = {isa = PBXFileReference; lastKnownFileType = text.plist.strings; name = en; path = en.lproj/InfoPlist.strings; sourceTree = "<group>"; };
		606062281982A118005B28F1 /* _40_2_KVCTests.m */ = {isa = PBXFileReference; lastKnownFileType = sourcecode.c.objc; path = _40_2_KVCTests.m; sourceTree = "<group>"; };
		606062321982A12F005B28F1 /* GRStudent.h */ = {isa = PBXFileReference; fileEncoding = 4; lastKnownFileType = sourcecode.c.h; path = GRStudent.h; sourceTree = "<group>"; };
		606062331982A12F005B28F1 /* GRStudent.m */ = {isa = PBXFileReference; fileEncoding = 4; lastKnownFileType = sourcecode.c.objc; path = GRStudent.m; sourceTree = "<group>"; };
/* End PBXFileReference section */

/* Begin PBXFrameworksBuildPhase section */
		606061FD1982A118005B28F1 /* Frameworks */ = {
			isa = PBXFrameworksBuildPhase;
			buildActionMask = 2147483647;
			files = (
				606062061982A118005B28F1 /* CoreGraphics.framework in Frameworks */,
				606062081982A118005B28F1 /* UIKit.framework in Frameworks */,
				606062041982A118005B28F1 /* Foundation.framework in Frameworks */,
			);
			runOnlyForDeploymentPostprocessing = 0;
		};
		606062181982A118005B28F1 /* Frameworks */ = {
			isa = PBXFrameworksBuildPhase;
			buildActionMask = 2147483647;
			files = (
				6060621D1982A118005B28F1 /* XCTest.framework in Frameworks */,
				6060621F1982A118005B28F1 /* UIKit.framework in Frameworks */,
				6060621E1982A118005B28F1 /* Foundation.framework in Frameworks */,
			);
			runOnlyForDeploymentPostprocessing = 0;
		};
/* End PBXFrameworksBuildPhase section */

/* Begin PBXGroup section */
		606061F71982A118005B28F1 = {
			isa = PBXGroup;
			children = (
				606062091982A118005B28F1 /* _40_2_KVC */,
				606062221982A118005B28F1 /* _40_2_KVCTests */,
				606062021982A118005B28F1 /* Frameworks */,
				606062011982A118005B28F1 /* Products */,
			);
			sourceTree = "<group>";
		};
		606062011982A118005B28F1 /* Products */ = {
			isa = PBXGroup;
			children = (
				606062001982A118005B28F1 /* _40_2_KVC.app */,
				6060621B1982A118005B28F1 /* _40_2_KVCTests.xctest */,
			);
			name = Products;
			sourceTree = "<group>";
		};
		606062021982A118005B28F1 /* Frameworks */ = {
			isa = PBXGroup;
			children = (
				606062031982A118005B28F1 /* Foundation.framework */,
				606062051982A118005B28F1 /* CoreGraphics.framework */,
				606062071982A118005B28F1 /* UIKit.framework */,
				6060621C1982A118005B28F1 /* XCTest.framework */,
			);
			name = Frameworks;
			sourceTree = "<group>";
		};
		606062091982A118005B28F1 /* _40_2_KVC */ = {
			isa = PBXGroup;
			children = (
				606062321982A12F005B28F1 /* GRStudent.h */,
				606062331982A12F005B28F1 /* GRStudent.m */,
				606062121982A118005B28F1 /* GRAppDelegate.h */,
				606062131982A118005B28F1 /* GRAppDelegate.m */,
				606062151982A118005B28F1 /* Images.xcassets */,
				6060620A1982A118005B28F1 /* Supporting Files */,
			);
			path = _40_2_KVC;
			sourceTree = "<group>";
		};
		6060620A1982A118005B28F1 /* Supporting Files */ = {
			isa = PBXGroup;
			children = (
				6060620B1982A118005B28F1 /* _40_2_KVC-Info.plist */,
				6060620C1982A118005B28F1 /* InfoPlist.strings */,
				6060620F1982A118005B28F1 /* main.m */,
				606062111982A118005B28F1 /* _40_2_KVC-Prefix.pch */,
			);
			name = "Supporting Files";
			sourceTree = "<group>";
		};
		606062221982A118005B28F1 /* _40_2_KVCTests */ = {
			isa = PBXGroup;
			children = (
				606062281982A118005B28F1 /* _40_2_KVCTests.m */,
				606062231982A118005B28F1 /* Supporting Files */,
			);
			path = _40_2_KVCTests;
			sourceTree = "<group>";
		};
		606062231982A118005B28F1 /* Supporting Files */ = {
			isa = PBXGroup;
			children = (
				606062241982A118005B28F1 /* _40_2_KVCTests-Info.plist */,
				606062251982A118005B28F1 /* InfoPlist.strings */,
			);
			name = "Supporting Files";
			sourceTree = "<group>";
		};
/* End PBXGroup section */

/* Begin PBXNativeTarget section */
		606061FF1982A118005B28F1 /* _40_2_KVC */ = {
			isa = PBXNativeTarget;
			buildConfigurationList = 6060622C1982A118005B28F1 /* Build configuration list for PBXNativeTarget "_40_2_KVC" */;
			buildPhases = (
				606061FC1982A118005B28F1 /* Sources */,
				606061FD1982A118005B28F1 /* Frameworks */,
				606061FE1982A118005B28F1 /* Resources */,
			);
			buildRules = (
			);
			dependencies = (
			);
			name = _40_2_KVC;
			productName = _40_2_KVC;
			productReference = 606062001982A118005B28F1 /* _40_2_KVC.app */;
			productType = "com.apple.product-type.application";
		};
		6060621A1982A118005B28F1 /* _40_2_KVCTests */ = {
			isa = PBXNativeTarget;
			buildConfigurationList = 6060622F1982A118005B28F1 /* Build configuration list for PBXNativeTarget "_40_2_KVCTests" */;
			buildPhases = (
				606062171982A118005B28F1 /* Sources */,
				606062181982A118005B28F1 /* Frameworks */,
				606062191982A118005B28F1 /* Resources */,
			);
			buildRules = (
			);
			dependencies = (
				606062211982A118005B28F1 /* PBXTargetDependency */,
			);
			name = _40_2_KVCTests;
			productName = _40_2_KVCTests;
			productReference = 6060621B1982A118005B28F1 /* _40_2_KVCTests.xctest */;
			productType = "com.apple.product-type.bundle.unit-test";
		};
/* End PBXNativeTarget section */

/* Begin PBXProject section */
		606061F81982A118005B28F1 /* Project object */ = {
			isa = PBXProject;
			attributes = {
				CLASSPREFIX = GR;
				LastUpgradeCheck = 0510;
				ORGANIZATIONNAME = Evgenia;
				TargetAttributes = {
					6060621A1982A118005B28F1 = {
						TestTargetID = 606061FF1982A118005B28F1;
					};
				};
			};
			buildConfigurationList = 606061FB1982A118005B28F1 /* Build configuration list for PBXProject "_40_2_KVC" */;
			compatibilityVersion = "Xcode 3.2";
			developmentRegion = English;
			hasScannedForEncodings = 0;
			knownRegions = (
				en,
			);
			mainGroup = 606061F71982A118005B28F1;
			productRefGroup = 606062011982A118005B28F1 /* Products */;
			projectDirPath = "";
			projectRoot = "";
			targets = (
				606061FF1982A118005B28F1 /* _40_2_KVC */,
				6060621A1982A118005B28F1 /* _40_2_KVCTests */,
			);
		};
/* End PBXProject section */

/* Begin PBXResourcesBuildPhase section */
		606061FE1982A118005B28F1 /* Resources */ = {
			isa = PBXResourcesBuildPhase;
			buildActionMask = 2147483647;
			files = (
				6060620E1982A118005B28F1 /* InfoPlist.strings in Resources */,
				606062161982A118005B28F1 /* Images.xcassets in Resources */,
			);
			runOnlyForDeploymentPostprocessing = 0;
		};
		606062191982A118005B28F1 /* Resources */ = {
			isa = PBXResourcesBuildPhase;
			buildActionMask = 2147483647;
			files = (
				606062271982A118005B28F1 /* InfoPlist.strings in Resources */,
			);
			runOnlyForDeploymentPostprocessing = 0;
		};
/* End PBXResourcesBuildPhase section */

/* Begin PBXSourcesBuildPhase section */
		606061FC1982A118005B28F1 /* Sources */ = {
			isa = PBXSourcesBuildPhase;
			buildActionMask = 2147483647;
			files = (
				606062341982A12F005B28F1 /* GRStudent.m in Sources */,
				606062101982A118005B28F1 /* main.m in Sources */,
				606062141982A118005B28F1 /* GRAppDelegate.m in Sources */,
			);
			runOnlyForDeploymentPostprocessing = 0;
		};
		606062171982A118005B28F1 /* Sources */ = {
			isa = PBXSourcesBuildPhase;
			buildActionMask = 2147483647;
			files = (
				606062291982A118005B28F1 /* _40_2_KVCTests.m in Sources */,
			);
			runOnlyForDeploymentPostprocessing = 0;
		};
/* End PBXSourcesBuildPhase section */

/* Begin PBXTargetDependency section */
		606062211982A118005B28F1 /* PBXTargetDependency */ = {
			isa = PBXTargetDependency;
			target = 606061FF1982A118005B28F1 /* _40_2_KVC */;
			targetProxy = 606062201982A118005B28F1 /* PBXContainerItemProxy */;
		};
/* End PBXTargetDependency section */

/* Begin PBXVariantGroup section */
		6060620C1982A118005B28F1 /* InfoPlist.strings */ = {
			isa = PBXVariantGroup;
			children = (
				6060620D1982A118005B28F1 /* en */,
			);
			name = InfoPlist.strings;
			sourceTree = "<group>";
		};
		606062251982A118005B28F1 /* InfoPlist.strings */ = {
			isa = PBXVariantGroup;
			children = (
				606062261982A118005B28F1 /* en */,
			);
			name = InfoPlist.strings;
			sourceTree = "<group>";
		};
/* End PBXVariantGroup section */

/* Begin XCBuildConfiguration section */
		6060622A1982A118005B28F1 /* Debug */ = {
			isa = XCBuildConfiguration;
			buildSettings = {
				ALWAYS_SEARCH_USER_PATHS = NO;
				CLANG_CXX_LANGUAGE_STANDARD = "gnu++0x";
				CLANG_CXX_LIBRARY = "libc++";
				CLANG_ENABLE_MODULES = YES;
				CLANG_ENABLE_OBJC_ARC = YES;
				CLANG_WARN_BOOL_CONVERSION = YES;
				CLANG_WARN_CONSTANT_CONVERSION = YES;
				CLANG_WARN_DIRECT_OBJC_ISA_USAGE = YES_ERROR;
				CLANG_WARN_EMPTY_BODY = YES;
				CLANG_WARN_ENUM_CONVERSION = YES;
				CLANG_WARN_INT_CONVERSION = YES;
				CLANG_WARN_OBJC_ROOT_CLASS = YES_ERROR;
				CLANG_WARN__DUPLICATE_METHOD_MATCH = YES;
				"CODE_SIGN_IDENTITY[sdk=iphoneos*]" = "iPhone Developer";
				COPY_PHASE_STRIP = NO;
				GCC_C_LANGUAGE_STANDARD = gnu99;
				GCC_DYNAMIC_NO_PIC = NO;
				GCC_OPTIMIZATION_LEVEL = 0;
				GCC_PREPROCESSOR_DEFINITIONS = (
					"DEBUG=1",
					"$(inherited)",
				);
				GCC_SYMBOLS_PRIVATE_EXTERN = NO;
				GCC_WARN_64_TO_32_BIT_CONVERSION = YES;
				GCC_WARN_ABOUT_RETURN_TYPE = YES_ERROR;
				GCC_WARN_UNDECLARED_SELECTOR = YES;
				GCC_WARN_UNINITIALIZED_AUTOS = YES_AGGRESSIVE;
				GCC_WARN_UNUSED_FUNCTION = YES;
				GCC_WARN_UNUSED_VARIABLE = YES;
				IPHONEOS_DEPLOYMENT_TARGET = 7.1;
				ONLY_ACTIVE_ARCH = YES;
				SDKROOT = iphoneos;
			};
			name = Debug;
		};
		6060622B1982A118005B28F1 /* Release */ = {
			isa = XCBuildConfiguration;
			buildSettings = {
				ALWAYS_SEARCH_USER_PATHS = NO;
				CLANG_CXX_LANGUAGE_STANDARD = "gnu++0x";
				CLANG_CXX_LIBRARY = "libc++";
				CLANG_ENABLE_MODULES = YES;
				CLANG_ENABLE_OBJC_ARC = YES;
				CLANG_WARN_BOOL_CONVERSION = YES;
				CLANG_WARN_CONSTANT_CONVERSION = YES;
				CLANG_WARN_DIRECT_OBJC_ISA_USAGE = YES_ERROR;
				CLANG_WARN_EMPTY_BODY = YES;
				CLANG_WARN_ENUM_CONVERSION = YES;
				CLANG_WARN_INT_CONVERSION = YES;
				CLANG_WARN_OBJC_ROOT_CLASS = YES_ERROR;
				CLANG_WARN__DUPLICATE_METHOD_MATCH = YES;
				"CODE_SIGN_IDENTITY[sdk=iphoneos*]" = "iPhone Developer";
				COPY_PHASE_STRIP = YES;
				ENABLE_NS_ASSERTIONS = NO;
				GCC_C_LANGUAGE_STANDARD = gnu99;
				GCC_WARN_64_TO_32_BIT_CONVERSION = YES;
				GCC_WARN_ABOUT_RETURN_TYPE = YES_ERROR;
				GCC_WARN_UNDECLARED_SELECTOR = YES;
				GCC_WARN_UNINITIALIZED_AUTOS = YES_AGGRESSIVE;
				GCC_WARN_UNUSED_FUNCTION = YES;
				GCC_WARN_UNUSED_VARIABLE = YES;
				IPHONEOS_DEPLOYMENT_TARGET = 7.1;
				SDKROOT = iphoneos;
				VALIDATE_PRODUCT = YES;
			};
			name = Release;
		};
		6060622D1982A118005B28F1 /* Debug */ = {
			isa = XCBuildConfiguration;
			buildSettings = {
				ASSETCATALOG_COMPILER_APPICON_NAME = AppIcon;
				ASSETCATALOG_COMPILER_LAUNCHIMAGE_NAME = LaunchImage;
				GCC_PRECOMPILE_PREFIX_HEADER = YES;
				GCC_PREFIX_HEADER = "_40_2_KVC/_40_2_KVC-Prefix.pch";
				INFOPLIST_FILE = "_40_2_KVC/_40_2_KVC-Info.plist";
				PRODUCT_NAME = "$(TARGET_NAME)";
				WRAPPER_EXTENSION = app;
			};
			name = Debug;
		};
		6060622E1982A118005B28F1 /* Release */ = {
			isa = XCBuildConfiguration;
			buildSettings = {
				ASSETCATALOG_COMPILER_APPICON_NAME = AppIcon;
				ASSETCATALOG_COMPILER_LAUNCHIMAGE_NAME = LaunchImage;
				GCC_PRECOMPILE_PREFIX_HEADER = YES;
				GCC_PREFIX_HEADER = "_40_2_KVC/_40_2_KVC-Prefix.pch";
				INFOPLIST_FILE = "_40_2_KVC/_40_2_KVC-Info.plist";
				PRODUCT_NAME = "$(TARGET_NAME)";
				WRAPPER_EXTENSION = app;
			};
			name = Release;
		};
		606062301982A118005B28F1 /* Debug */ = {
			isa = XCBuildConfiguration;
			buildSettings = {
				BUNDLE_LOADER = "$(BUILT_PRODUCTS_DIR)/_40_2_KVC.app/_40_2_KVC";
				FRAMEWORK_SEARCH_PATHS = (
					"$(SDKROOT)/Developer/Library/Frameworks",
					"$(inherited)",
					"$(DEVELOPER_FRAMEWORKS_DIR)",
				);
				GCC_PRECOMPILE_PREFIX_HEADER = YES;
				GCC_PREFIX_HEADER = "_40_2_KVC/_40_2_KVC-Prefix.pch";
				GCC_PREPROCESSOR_DEFINITIONS = (
					"DEBUG=1",
					"$(inherited)",
				);
				INFOPLIST_FILE = "_40_2_KVCTests/_40_2_KVCTests-Info.plist";
				PRODUCT_NAME = "$(TARGET_NAME)";
				TEST_HOST = "$(BUNDLE_LOADER)";
				WRAPPER_EXTENSION = xctest;
			};
			name = Debug;
		};
		606062311982A118005B28F1 /* Release */ = {
			isa = XCBuildConfiguration;
			buildSettings = {
				BUNDLE_LOADER = "$(BUILT_PRODUCTS_DIR)/_40_2_KVC.app/_40_2_KVC";
				FRAMEWORK_SEARCH_PATHS = (
					"$(SDKROOT)/Developer/Library/Frameworks",
					"$(inherited)",
					"$(DEVELOPER_FRAMEWORKS_DIR)",
				);
				GCC_PRECOMPILE_PREFIX_HEADER = YES;
				GCC_PREFIX_HEADER = "_40_2_KVC/_40_2_KVC-Prefix.pch";
				INFOPLIST_FILE = "_40_2_KVCTests/_40_2_KVCTests-Info.plist";
				PRODUCT_NAME = "$(TARGET_NAME)";
				TEST_HOST = "$(BUNDLE_LOADER)";
				WRAPPER_EXTENSION = xctest;
			};
			name = Release;
		};
/* End XCBuildConfiguration section */

/* Begin XCConfigurationList section */
		606061FB1982A118005B28F1 /* Build configuration list for PBXProject "_40_2_KVC" */ = {
			isa = XCConfigurationList;
			buildConfigurations = (
				6060622A1982A118005B28F1 /* Debug */,
				6060622B1982A118005B28F1 /* Release */,
			);
			defaultConfigurationIsVisible = 0;
			defaultConfigurationName = Release;
		};
		6060622C1982A118005B28F1 /* Build configuration list for PBXNativeTarget "_40_2_KVC" */ = {
			isa = XCConfigurationList;
			buildConfigurations = (
				6060622D1982A118005B28F1 /* Debug */,
				6060622E1982A118005B28F1 /* Release */,
			);
			defaultConfigurationIsVisible = 0;
		};
		6060622F1982A118005B28F1 /* Build configuration list for PBXNativeTarget "_40_2_KVCTests" */ = {
			isa = XCConfigurationList;
			buildConfigurations = (
				606062301982A118005B28F1 /* Debug */,
				606062311982A118005B28F1 /* Release */,
			);
			defaultConfigurationIsVisible = 0;
		};
/* End XCConfigurationList section */
	};
	rootObject = 606061F81982A118005B28F1 /* Project object */;
}
