// !$*UTF8*$!
{
	archiveVersion = 1;
	classes = {
	};
	objectVersion = 46;
	objects = {

/* Begin PBXBuildFile section */
		606062421982ED4D005B28F1 /* Foundation.framework in Frameworks */ = {isa = PBXBuildFile; fileRef = 606062411982ED4D005B28F1 /* Foundation.framework */; };
		606062441982ED4D005B28F1 /* CoreGraphics.framework in Frameworks */ = {isa = PBXBuildFile; fileRef = 606062431982ED4D005B28F1 /* CoreGraphics.framework */; };
		606062461982ED4D005B28F1 /* UIKit.framework in Frameworks */ = {isa = PBXBuildFile; fileRef = 606062451982ED4D005B28F1 /* UIKit.framework */; };
		606062481982ED4D005B28F1 /* CoreData.framework in Frameworks */ = {isa = PBXBuildFile; fileRef = 606062471982ED4D005B28F1 /* CoreData.framework */; };
		6060624E1982ED4D005B28F1 /* InfoPlist.strings in Resources */ = {isa = PBXBuildFile; fileRef = 6060624C1982ED4D005B28F1 /* InfoPlist.strings */; };
		606062501982ED4D005B28F1 /* main.m in Sources */ = {isa = PBXBuildFile; fileRef = 6060624F1982ED4D005B28F1 /* main.m */; };
		606062541982ED4D005B28F1 /* GRAppDelegate.m in Sources */ = {isa = PBXBuildFile; fileRef = 606062531982ED4D005B28F1 /* GRAppDelegate.m */; };
		606062571982ED4D005B28F1 /* _41_CoreDateTest.xcdatamodeld in Sources */ = {isa = PBXBuildFile; fileRef = 606062551982ED4D005B28F1 /* _41_CoreDateTest.xcdatamodeld */; };
		606062591982ED4D005B28F1 /* Images.xcassets in Resources */ = {isa = PBXBuildFile; fileRef = 606062581982ED4D005B28F1 /* Images.xcassets */; };
		606062601982ED4D005B28F1 /* XCTest.framework in Frameworks */ = {isa = PBXBuildFile; fileRef = 6060625F1982ED4D005B28F1 /* XCTest.framework */; };
		606062611982ED4D005B28F1 /* Foundation.framework in Frameworks */ = {isa = PBXBuildFile; fileRef = 606062411982ED4D005B28F1 /* Foundation.framework */; };
		606062621982ED4D005B28F1 /* UIKit.framework in Frameworks */ = {isa = PBXBuildFile; fileRef = 606062451982ED4D005B28F1 /* UIKit.framework */; };
		606062631982ED4D005B28F1 /* CoreData.framework in Frameworks */ = {isa = PBXBuildFile; fileRef = 606062471982ED4D005B28F1 /* CoreData.framework */; };
		6060626B1982ED4D005B28F1 /* InfoPlist.strings in Resources */ = {isa = PBXBuildFile; fileRef = 606062691982ED4D005B28F1 /* InfoPlist.strings */; };
		6060626D1982ED4D005B28F1 /* _41_CoreDateTestTests.m in Sources */ = {isa = PBXBuildFile; fileRef = 6060626C1982ED4D005B28F1 /* _41_CoreDateTestTests.m */; };
		606062781982FC66005B28F1 /* GRStudent.m in Sources */ = {isa = PBXBuildFile; fileRef = 606062771982FC66005B28F1 /* GRStudent.m */; };
/* End PBXBuildFile section */

/* Begin PBXContainerItemProxy section */
		606062641982ED4D005B28F1 /* PBXContainerItemProxy */ = {
			isa = PBXContainerItemProxy;
			containerPortal = 606062361982ED4D005B28F1 /* Project object */;
			proxyType = 1;
			remoteGlobalIDString = 6060623D1982ED4D005B28F1;
			remoteInfo = _41_CoreDateTest;
		};
/* End PBXContainerItemProxy section */

/* Begin PBXFileReference section */
		6060623E1982ED4D005B28F1 /* _41_CoreDateTest.app */ = {isa = PBXFileReference; explicitFileType = wrapper.application; includeInIndex = 0; path = _41_CoreDateTest.app; sourceTree = BUILT_PRODUCTS_DIR; };
		606062411982ED4D005B28F1 /* Foundation.framework */ = {isa = PBXFileReference; lastKnownFileType = wrapper.framework; name = Foundation.framework; path = System/Library/Frameworks/Foundation.framework; sourceTree = SDKROOT; };
		606062431982ED4D005B28F1 /* CoreGraphics.framework */ = {isa = PBXFileReference; lastKnownFileType = wrapper.framework; name = CoreGraphics.framework; path = System/Library/Frameworks/CoreGraphics.framework; sourceTree = SDKROOT; };
		606062451982ED4D005B28F1 /* UIKit.framework */ = {isa = PBXFileReference; lastKnownFileType = wrapper.framework; name = UIKit.framework; path = System/Library/Frameworks/UIKit.framework; sourceTree = SDKROOT; };
		606062471982ED4D005B28F1 /* CoreData.framework */ = {isa = PBXFileReference; lastKnownFileType = wrapper.framework; name = CoreData.framework; path = System/Library/Frameworks/CoreData.framework; sourceTree = SDKROOT; };
		6060624B1982ED4D005B28F1 /* _41_CoreDateTest-Info.plist */ = {isa = PBXFileReference; lastKnownFileType = text.plist.xml; path = "_41_CoreDateTest-Info.plist"; sourceTree = "<group>"; };
		6060624D1982ED4D005B28F1 /* en */ = {isa = PBXFileReference; lastKnownFileType = text.plist.strings; name = en; path = en.lproj/InfoPlist.strings; sourceTree = "<group>"; };
		6060624F1982ED4D005B28F1 /* main.m */ = {isa = PBXFileReference; lastKnownFileType = sourcecode.c.objc; path = main.m; sourceTree = "<group>"; };
		606062511982ED4D005B28F1 /* _41_CoreDateTest-Prefix.pch */ = {isa = PBXFileReference; lastKnownFileType = sourcecode.c.h; path = "_41_CoreDateTest-Prefix.pch"; sourceTree = "<group>"; };
		606062521982ED4D005B28F1 /* GRAppDelegate.h */ = {isa = PBXFileReference; lastKnownFileType = sourcecode.c.h; path = GRAppDelegate.h; sourceTree = "<group>"; };
		606062531982ED4D005B28F1 /* GRAppDelegate.m */ = {isa = PBXFileReference; lastKnownFileType = sourcecode.c.objc; path = GRAppDelegate.m; sourceTree = "<group>"; };
		606062561982ED4D005B28F1 /* _41_CoreDateTest.xcdatamodel */ = {isa = PBXFileReference; lastKnownFileType = wrapper.xcdatamodel; path = _41_CoreDateTest.xcdatamodel; sourceTree = "<group>"; };
		606062581982ED4D005B28F1 /* Images.xcassets */ = {isa = PBXFileReference; lastKnownFileType = folder.assetcatalog; path = Images.xcassets; sourceTree = "<group>"; };
		6060625E1982ED4D005B28F1 /* _41_CoreDateTestTests.xctest */ = {isa = PBXFileReference; explicitFileType = wrapper.cfbundle; includeInIndex = 0; path = _41_CoreDateTestTests.xctest; sourceTree = BUILT_PRODUCTS_DIR; };
		6060625F1982ED4D005B28F1 /* XCTest.framework */ = {isa = PBXFileReference; lastKnownFileType = wrapper.framework; name = XCTest.framework; path = Library/Frameworks/XCTest.framework; sourceTree = DEVELOPER_DIR; };
		606062681982ED4D005B28F1 /* _41_CoreDateTestTests-Info.plist */ = {isa = PBXFileReference; lastKnownFileType = text.plist.xml; path = "_41_CoreDateTestTests-Info.plist"; sourceTree = "<group>"; };
		6060626A1982ED4D005B28F1 /* en */ = {isa = PBXFileReference; lastKnownFileType = text.plist.strings; name = en; path = en.lproj/InfoPlist.strings; sourceTree = "<group>"; };
		6060626C1982ED4D005B28F1 /* _41_CoreDateTestTests.m */ = {isa = PBXFileReference; lastKnownFileType = sourcecode.c.objc; path = _41_CoreDateTestTests.m; sourceTree = "<group>"; };
		606062761982FC66005B28F1 /* GRStudent.h */ = {isa = PBXFileReference; fileEncoding = 4; lastKnownFileType = sourcecode.c.h; path = GRStudent.h; sourceTree = "<group>"; };
		606062771982FC66005B28F1 /* GRStudent.m */ = {isa = PBXFileReference; fileEncoding = 4; lastKnownFileType = sourcecode.c.objc; path = GRStudent.m; sourceTree = "<group>"; };
/* End PBXFileReference section */

/* Begin PBXFrameworksBuildPhase section */
		6060623B1982ED4D005B28F1 /* Frameworks */ = {
			isa = PBXFrameworksBuildPhase;
			buildActionMask = 2147483647;
			files = (
				606062441982ED4D005B28F1 /* CoreGraphics.framework in Frameworks */,
				606062481982ED4D005B28F1 /* CoreData.framework in Frameworks */,
				606062461982ED4D005B28F1 /* UIKit.framework in Frameworks */,
				606062421982ED4D005B28F1 /* Foundation.framework in Frameworks */,
			);
			runOnlyForDeploymentPostprocessing = 0;
		};
		6060625B1982ED4D005B28F1 /* Frameworks */ = {
			isa = PBXFrameworksBuildPhase;
			buildActionMask = 2147483647;
			files = (
				606062601982ED4D005B28F1 /* XCTest.framework in Frameworks */,
				606062631982ED4D005B28F1 /* CoreData.framework in Frameworks */,
				606062621982ED4D005B28F1 /* UIKit.framework in Frameworks */,
				606062611982ED4D005B28F1 /* Foundation.framework in Frameworks */,
			);
			runOnlyForDeploymentPostprocessing = 0;
		};
/* End PBXFrameworksBuildPhase section */

/* Begin PBXGroup section */
		606062351982ED4D005B28F1 = {
			isa = PBXGroup;
			children = (
				606062491982ED4D005B28F1 /* _41_CoreDateTest */,
				606062661982ED4D005B28F1 /* _41_CoreDateTestTests */,
				606062401982ED4D005B28F1 /* Frameworks */,
				6060623F1982ED4D005B28F1 /* Products */,
			);
			sourceTree = "<group>";
		};
		6060623F1982ED4D005B28F1 /* Products */ = {
			isa = PBXGroup;
			children = (
				6060623E1982ED4D005B28F1 /* _41_CoreDateTest.app */,
				6060625E1982ED4D005B28F1 /* _41_CoreDateTestTests.xctest */,
			);
			name = Products;
			sourceTree = "<group>";
		};
		606062401982ED4D005B28F1 /* Frameworks */ = {
			isa = PBXGroup;
			children = (
				606062411982ED4D005B28F1 /* Foundation.framework */,
				606062431982ED4D005B28F1 /* CoreGraphics.framework */,
				606062451982ED4D005B28F1 /* UIKit.framework */,
				606062471982ED4D005B28F1 /* CoreData.framework */,
				6060625F1982ED4D005B28F1 /* XCTest.framework */,
			);
			name = Frameworks;
			sourceTree = "<group>";
		};
		606062491982ED4D005B28F1 /* _41_CoreDateTest */ = {
			isa = PBXGroup;
			children = (
				606062791982FC81005B28F1 /* Models */,
				606062521982ED4D005B28F1 /* GRAppDelegate.h */,
				606062531982ED4D005B28F1 /* GRAppDelegate.m */,
				606062581982ED4D005B28F1 /* Images.xcassets */,
				606062551982ED4D005B28F1 /* _41_CoreDateTest.xcdatamodeld */,
				6060624A1982ED4D005B28F1 /* Supporting Files */,
			);
			path = _41_CoreDateTest;
			sourceTree = "<group>";
		};
		6060624A1982ED4D005B28F1 /* Supporting Files */ = {
			isa = PBXGroup;
			children = (
				6060624B1982ED4D005B28F1 /* _41_CoreDateTest-Info.plist */,
				6060624C1982ED4D005B28F1 /* InfoPlist.strings */,
				6060624F1982ED4D005B28F1 /* main.m */,
				606062511982ED4D005B28F1 /* _41_CoreDateTest-Prefix.pch */,
			);
			name = "Supporting Files";
			sourceTree = "<group>";
		};
		606062661982ED4D005B28F1 /* _41_CoreDateTestTests */ = {
			isa = PBXGroup;
			children = (
				6060626C1982ED4D005B28F1 /* _41_CoreDateTestTests.m */,
				606062671982ED4D005B28F1 /* Supporting Files */,
			);
			path = _41_CoreDateTestTests;
			sourceTree = "<group>";
		};
		606062671982ED4D005B28F1 /* Supporting Files */ = {
			isa = PBXGroup;
			children = (
				606062681982ED4D005B28F1 /* _41_CoreDateTestTests-Info.plist */,
				606062691982ED4D005B28F1 /* InfoPlist.strings */,
			);
			name = "Supporting Files";
			sourceTree = "<group>";
		};
		606062791982FC81005B28F1 /* Models */ = {
			isa = PBXGroup;
			children = (
				606062761982FC66005B28F1 /* GRStudent.h */,
				606062771982FC66005B28F1 /* GRStudent.m */,
			);
			name = Models;
			sourceTree = "<group>";
		};
/* End PBXGroup section */

/* Begin PBXNativeTarget section */
		6060623D1982ED4D005B28F1 /* _41_CoreDateTest */ = {
			isa = PBXNativeTarget;
			buildConfigurationList = 606062701982ED4D005B28F1 /* Build configuration list for PBXNativeTarget "_41_CoreDateTest" */;
			buildPhases = (
				6060623A1982ED4D005B28F1 /* Sources */,
				6060623B1982ED4D005B28F1 /* Frameworks */,
				6060623C1982ED4D005B28F1 /* Resources */,
			);
			buildRules = (
			);
			dependencies = (
			);
			name = _41_CoreDateTest;
			productName = _41_CoreDateTest;
			productReference = 6060623E1982ED4D005B28F1 /* _41_CoreDateTest.app */;
			productType = "com.apple.product-type.application";
		};
		6060625D1982ED4D005B28F1 /* _41_CoreDateTestTests */ = {
			isa = PBXNativeTarget;
			buildConfigurationList = 606062731982ED4D005B28F1 /* Build configuration list for PBXNativeTarget "_41_CoreDateTestTests" */;
			buildPhases = (
				6060625A1982ED4D005B28F1 /* Sources */,
				6060625B1982ED4D005B28F1 /* Frameworks */,
				6060625C1982ED4D005B28F1 /* Resources */,
			);
			buildRules = (
			);
			dependencies = (
				606062651982ED4D005B28F1 /* PBXTargetDependency */,
			);
			name = _41_CoreDateTestTests;
			productName = _41_CoreDateTestTests;
			productReference = 6060625E1982ED4D005B28F1 /* _41_CoreDateTestTests.xctest */;
			productType = "com.apple.product-type.bundle.unit-test";
		};
/* End PBXNativeTarget section */

/* Begin PBXProject section */
		606062361982ED4D005B28F1 /* Project object */ = {
			isa = PBXProject;
			attributes = {
				CLASSPREFIX = GR;
				LastUpgradeCheck = 0510;
				ORGANIZATIONNAME = Evgenia;
				TargetAttributes = {
					6060625D1982ED4D005B28F1 = {
						TestTargetID = 6060623D1982ED4D005B28F1;
					};
				};
			};
			buildConfigurationList = 606062391982ED4D005B28F1 /* Build configuration list for PBXProject "_41_CoreDateTest" */;
			compatibilityVersion = "Xcode 3.2";
			developmentRegion = English;
			hasScannedForEncodings = 0;
			knownRegions = (
				en,
			);
			mainGroup = 606062351982ED4D005B28F1;
			productRefGroup = 6060623F1982ED4D005B28F1 /* Products */;
			projectDirPath = "";
			projectRoot = "";
			targets = (
				6060623D1982ED4D005B28F1 /* _41_CoreDateTest */,
				6060625D1982ED4D005B28F1 /* _41_CoreDateTestTests */,
			);
		};
/* End PBXProject section */

/* Begin PBXResourcesBuildPhase section */
		6060623C1982ED4D005B28F1 /* Resources */ = {
			isa = PBXResourcesBuildPhase;
			buildActionMask = 2147483647;
			files = (
				6060624E1982ED4D005B28F1 /* InfoPlist.strings in Resources */,
				606062591982ED4D005B28F1 /* Images.xcassets in Resources */,
			);
			runOnlyForDeploymentPostprocessing = 0;
		};
		6060625C1982ED4D005B28F1 /* Resources */ = {
			isa = PBXResourcesBuildPhase;
			buildActionMask = 2147483647;
			files = (
				6060626B1982ED4D005B28F1 /* InfoPlist.strings in Resources */,
			);
			runOnlyForDeploymentPostprocessing = 0;
		};
/* End PBXResourcesBuildPhase section */

/* Begin PBXSourcesBuildPhase section */
		6060623A1982ED4D005B28F1 /* Sources */ = {
			isa = PBXSourcesBuildPhase;
			buildActionMask = 2147483647;
			files = (
				606062501982ED4D005B28F1 /* main.m in Sources */,
				606062571982ED4D005B28F1 /* _41_CoreDateTest.xcdatamodeld in Sources */,
				606062781982FC66005B28F1 /* GRStudent.m in Sources */,
				606062541982ED4D005B28F1 /* GRAppDelegate.m in Sources */,
			);
			runOnlyForDeploymentPostprocessing = 0;
		};
		6060625A1982ED4D005B28F1 /* Sources */ = {
			isa = PBXSourcesBuildPhase;
			buildActionMask = 2147483647;
			files = (
				6060626D1982ED4D005B28F1 /* _41_CoreDateTestTests.m in Sources */,
			);
			runOnlyForDeploymentPostprocessing = 0;
		};
/* End PBXSourcesBuildPhase section */

/* Begin PBXTargetDependency section */
		606062651982ED4D005B28F1 /* PBXTargetDependency */ = {
			isa = PBXTargetDependency;
			target = 6060623D1982ED4D005B28F1 /* _41_CoreDateTest */;
			targetProxy = 606062641982ED4D005B28F1 /* PBXContainerItemProxy */;
		};
/* End PBXTargetDependency section */

/* Begin PBXVariantGroup section */
		6060624C1982ED4D005B28F1 /* InfoPlist.strings */ = {
			isa = PBXVariantGroup;
			children = (
				6060624D1982ED4D005B28F1 /* en */,
			);
			name = InfoPlist.strings;
			sourceTree = "<group>";
		};
		606062691982ED4D005B28F1 /* InfoPlist.strings */ = {
			isa = PBXVariantGroup;
			children = (
				6060626A1982ED4D005B28F1 /* en */,
			);
			name = InfoPlist.strings;
			sourceTree = "<group>";
		};
/* End PBXVariantGroup section */

/* Begin XCBuildConfiguration section */
		6060626E1982ED4D005B28F1 /* Debug */ = {
			isa = XCBuildConfiguration;
			buildSettings = {
				ALWAYS_SEARCH_USER_PATHS = NO;
				CLANG_CXX_LANGUAGE_STANDARD = "gnu++0x";
				CLANG_CXX_LIBRARY = "libc++";
				CLANG_ENABLE_MODULES = YES;
				CLANG_ENABLE_OBJC_ARC = YES;
				CLANG_WARN_BOOL_CONVERSION = YES;
				CLANG_WARN_CONSTANT_CONVERSION = YES;
				CLANG_WARN_DIRECT_OBJC_ISA_USAGE = YES_ERROR;
				CLANG_WARN_EMPTY_BODY = YES;
				CLANG_WARN_ENUM_CONVERSION = YES;
				CLANG_WARN_INT_CONVERSION = YES;
				CLANG_WARN_OBJC_ROOT_CLASS = YES_ERROR;
				CLANG_WARN__DUPLICATE_METHOD_MATCH = YES;
				"CODE_SIGN_IDENTITY[sdk=iphoneos*]" = "iPhone Developer";
				COPY_PHASE_STRIP = NO;
				GCC_C_LANGUAGE_STANDARD = gnu99;
				GCC_DYNAMIC_NO_PIC = NO;
				GCC_OPTIMIZATION_LEVEL = 0;
				GCC_PREPROCESSOR_DEFINITIONS = (
					"DEBUG=1",
					"$(inherited)",
				);
				GCC_SYMBOLS_PRIVATE_EXTERN = NO;
				GCC_WARN_64_TO_32_BIT_CONVERSION = YES;
				GCC_WARN_ABOUT_RETURN_TYPE = YES_ERROR;
				GCC_WARN_UNDECLARED_SELECTOR = YES;
				GCC_WARN_UNINITIALIZED_AUTOS = YES_AGGRESSIVE;
				GCC_WARN_UNUSED_FUNCTION = YES;
				GCC_WARN_UNUSED_VARIABLE = YES;
				IPHONEOS_DEPLOYMENT_TARGET = 7.1;
				ONLY_ACTIVE_ARCH = YES;
				SDKROOT = iphoneos;
				TARGETED_DEVICE_FAMILY = "1,2";
			};
			name = Debug;
		};
		6060626F1982ED4D005B28F1 /* Release */ = {
			isa = XCBuildConfiguration;
			buildSettings = {
				ALWAYS_SEARCH_USER_PATHS = NO;
				CLANG_CXX_LANGUAGE_STANDARD = "gnu++0x";
				CLANG_CXX_LIBRARY = "libc++";
				CLANG_ENABLE_MODULES = YES;
				CLANG_ENABLE_OBJC_ARC = YES;
				CLANG_WARN_BOOL_CONVERSION = YES;
				CLANG_WARN_CONSTANT_CONVERSION = YES;
				CLANG_WARN_DIRECT_OBJC_ISA_USAGE = YES_ERROR;
				CLANG_WARN_EMPTY_BODY = YES;
				CLANG_WARN_ENUM_CONVERSION = YES;
				CLANG_WARN_INT_CONVERSION = YES;
				CLANG_WARN_OBJC_ROOT_CLASS = YES_ERROR;
				CLANG_WARN__DUPLICATE_METHOD_MATCH = YES;
				"CODE_SIGN_IDENTITY[sdk=iphoneos*]" = "iPhone Developer";
				COPY_PHASE_STRIP = YES;
				ENABLE_NS_ASSERTIONS = NO;
				GCC_C_LANGUAGE_STANDARD = gnu99;
				GCC_WARN_64_TO_32_BIT_CONVERSION = YES;
				GCC_WARN_ABOUT_RETURN_TYPE = YES_ERROR;
				GCC_WARN_UNDECLARED_SELECTOR = YES;
				GCC_WARN_UNINITIALIZED_AUTOS = YES_AGGRESSIVE;
				GCC_WARN_UNUSED_FUNCTION = YES;
				GCC_WARN_UNUSED_VARIABLE = YES;
				IPHONEOS_DEPLOYMENT_TARGET = 7.1;
				SDKROOT = iphoneos;
				TARGETED_DEVICE_FAMILY = "1,2";
				VALIDATE_PRODUCT = YES;
			};
			name = Release;
		};
		606062711982ED4D005B28F1 /* Debug */ = {
			isa = XCBuildConfiguration;
			buildSettings = {
				ASSETCATALOG_COMPILER_APPICON_NAME = AppIcon;
				ASSETCATALOG_COMPILER_LAUNCHIMAGE_NAME = LaunchImage;
				GCC_PRECOMPILE_PREFIX_HEADER = YES;
				GCC_PREFIX_HEADER = "_41_CoreDateTest/_41_CoreDateTest-Prefix.pch";
				INFOPLIST_FILE = "_41_CoreDateTest/_41_CoreDateTest-Info.plist";
				PRODUCT_NAME = "$(TARGET_NAME)";
				WRAPPER_EXTENSION = app;
			};
			name = Debug;
		};
		606062721982ED4D005B28F1 /* Release */ = {
			isa = XCBuildConfiguration;
			buildSettings = {
				ASSETCATALOG_COMPILER_APPICON_NAME = AppIcon;
				ASSETCATALOG_COMPILER_LAUNCHIMAGE_NAME = LaunchImage;
				GCC_PRECOMPILE_PREFIX_HEADER = YES;
				GCC_PREFIX_HEADER = "_41_CoreDateTest/_41_CoreDateTest-Prefix.pch";
				INFOPLIST_FILE = "_41_CoreDateTest/_41_CoreDateTest-Info.plist";
				PRODUCT_NAME = "$(TARGET_NAME)";
				WRAPPER_EXTENSION = app;
			};
			name = Release;
		};
		606062741982ED4D005B28F1 /* Debug */ = {
			isa = XCBuildConfiguration;
			buildSettings = {
				BUNDLE_LOADER = "$(BUILT_PRODUCTS_DIR)/_41_CoreDateTest.app/_41_CoreDateTest";
				FRAMEWORK_SEARCH_PATHS = (
					"$(SDKROOT)/Developer/Library/Frameworks",
					"$(inherited)",
					"$(DEVELOPER_FRAMEWORKS_DIR)",
				);
				GCC_PRECOMPILE_PREFIX_HEADER = YES;
				GCC_PREFIX_HEADER = "_41_CoreDateTest/_41_CoreDateTest-Prefix.pch";
				GCC_PREPROCESSOR_DEFINITIONS = (
					"DEBUG=1",
					"$(inherited)",
				);
				INFOPLIST_FILE = "_41_CoreDateTestTests/_41_CoreDateTestTests-Info.plist";
				PRODUCT_NAME = "$(TARGET_NAME)";
				TEST_HOST = "$(BUNDLE_LOADER)";
				WRAPPER_EXTENSION = xctest;
			};
			name = Debug;
		};
		606062751982ED4D005B28F1 /* Release */ = {
			isa = XCBuildConfiguration;
			buildSettings = {
				BUNDLE_LOADER = "$(BUILT_PRODUCTS_DIR)/_41_CoreDateTest.app/_41_CoreDateTest";
				FRAMEWORK_SEARCH_PATHS = (
					"$(SDKROOT)/Developer/Library/Frameworks",
					"$(inherited)",
					"$(DEVELOPER_FRAMEWORKS_DIR)",
				);
				GCC_PRECOMPILE_PREFIX_HEADER = YES;
				GCC_PREFIX_HEADER = "_41_CoreDateTest/_41_CoreDateTest-Prefix.pch";
				INFOPLIST_FILE = "_41_CoreDateTestTests/_41_CoreDateTestTests-Info.plist";
				PRODUCT_NAME = "$(TARGET_NAME)";
				TEST_HOST = "$(BUNDLE_LOADER)";
				WRAPPER_EXTENSION = xctest;
			};
			name = Release;
		};
/* End XCBuildConfiguration section */

/* Begin XCConfigurationList section */
		606062391982ED4D005B28F1 /* Build configuration list for PBXProject "_41_CoreDateTest" */ = {
			isa = XCConfigurationList;
			buildConfigurations = (
				6060626E1982ED4D005B28F1 /* Debug */,
				6060626F1982ED4D005B28F1 /* Release */,
			);
			defaultConfigurationIsVisible = 0;
			defaultConfigurationName = Release;
		};
		606062701982ED4D005B28F1 /* Build configuration list for PBXNativeTarget "_41_CoreDateTest" */ = {
			isa = XCConfigurationList;
			buildConfigurations = (
				606062711982ED4D005B28F1 /* Debug */,
				606062721982ED4D005B28F1 /* Release */,
			);
			defaultConfigurationIsVisible = 0;
		};
		606062731982ED4D005B28F1 /* Build configuration list for PBXNativeTarget "_41_CoreDateTestTests" */ = {
			isa = XCConfigurationList;
			buildConfigurations = (
				606062741982ED4D005B28F1 /* Debug */,
				606062751982ED4D005B28F1 /* Release */,
			);
			defaultConfigurationIsVisible = 0;
		};
/* End XCConfigurationList section */

/* Begin XCVersionGroup section */
		606062551982ED4D005B28F1 /* _41_CoreDateTest.xcdatamodeld */ = {
			isa = XCVersionGroup;
			children = (
				606062561982ED4D005B28F1 /* _41_CoreDateTest.xcdatamodel */,
			);
			currentVersion = 606062561982ED4D005B28F1 /* _41_CoreDateTest.xcdatamodel */;
			path = _41_CoreDateTest.xcdatamodeld;
			sourceTree = "<group>";
			versionGroupType = wrapper.xcdatamodel;
		};
/* End XCVersionGroup section */
	};
	rootObject = 606062361982ED4D005B28F1 /* Project object */;
}
